{
	"name": "@step-wise/geometry",
	"version": "1.0.0",
	"lockfileVersion": 2,
	"requires": true,
	"packages": {
		"": {
			"name": "@step-wise/geometry",
			"version": "1.0.0",
			"dependencies": {
				"@step-wise/utils": "file:../utils"
			},
			"devDependencies": {
				"typescript": "^6.0.2"
			}
		},
		"../utils": {
			"version": "1.0.0",
			"devDependencies": {
				"@types/node": "^25.6.0",
				"typescript": "^6.0.2"
			}
		},
		"node_modules/@step-wise/utils": {
			"resolved": "../utils",
			"link": true
		},
		"node_modules/typescript": {
			"version": "6.0.3",
			"resolved": "https://registry.npmjs.org/typescript/-/typescript-6.0.3.tgz",
			"integrity": "sha512-y2TvuxSZPDyQakkFRPZHKFm+KKVqIisdg9/CZwm9ftvKXLP8NRWj38/ODjNbr43SsoXqNuAisEf1GdCxqWcdBw==",
			"dev": true,
			"bin": {
				"tsc": "bin/tsc",
				"tsserver": "bin/tsserver"
			},
			"engines": {
				"node": ">=14.17"
			}
		}
	},
	"dependencies": {
		"@step-wise/utils": {
			"version": "file:../utils",
			"requires": {
				"@types/node": "^25.6.0",
				"typescript": "^6.0.2"
			}
		},
		"typescript": {
			"version": "6.0.3",
			"resolved": "https://registry.npmjs.org/typescript/-/typescript-6.0.3.tgz",
			"integrity": "sha512-y2TvuxSZPDyQakkFRPZHKFm+KKVqIisdg9/CZwm9ftvKXLP8NRWj38/ODjNbr43SsoXqNuAisEf1GdCxqWcdBw==",
			"dev": true
		}
	}
}
