{
	"name": "@step-wise/mechanics-exercises",
	"version": "1.0.0",
	"lockfileVersion": 2,
	"requires": true,
	"packages": {
		"": {
			"name": "@step-wise/mechanics-exercises",
			"version": "1.0.0",
			"dependencies": {
				"@step-wise/cas": "file:../cas",
				"@step-wise/engineering-mechanics": "file:../engineering-mechanics",
				"@step-wise/exercise-bundling": "file:../exercise-bundling",
				"@step-wise/exercise-grading": "file:../exercise-grading",
				"@step-wise/geometry": "file:../geometry",
				"@step-wise/input-exercises": "file:../input-exercises",
				"@step-wise/physics-core": "file:../physics-core",
				"@step-wise/utils": "file:../utils"
			},
			"devDependencies": {
				"typescript": "^6.0.2"
			}
		},
		"../cas": {
			"name": "@step-wise/cas",
			"version": "1.0.0",
			"dependencies": {
				"@step-wise/math-input-value": "file:../math-input-value",
				"@step-wise/math-tools": "file:../math-tools",
				"@step-wise/utils": "file:../utils"
			},
			"devDependencies": {
				"@types/jest": "^30.0.0",
				"typescript": "^6.0.2"
			}
		},
		"../engineering-mechanics": {
			"name": "@step-wise/engineering-mechanics",
			"version": "1.0.0",
			"dependencies": {
				"@step-wise/geometry": "file:../geometry",
				"@step-wise/utils": "file:../utils"
			},
			"devDependencies": {
				"@types/jest": "^30.0.0",
				"typescript": "^6.0.2"
			}
		},
		"../exercise-bundling": {
			"name": "@step-wise/exercise-bundling",
			"version": "1.0.0",
			"dependencies": {
				"@step-wise/exercise-definition": "file:../exercise-definition",
				"@step-wise/skill-setup": "file:../skill-setup",
				"@step-wise/utils": "file:../utils"
			},
			"devDependencies": {
				"@types/jest": "^30.0.0",
				"typescript": "^6.0.2"
			}
		},
		"../exercise-grading": {
			"name": "@step-wise/exercise-grading",
			"version": "1.0.0",
			"dependencies": {
				"@step-wise/engineering-mechanics": "file:../engineering-mechanics",
				"@step-wise/input-exercises": "file:../input-exercises",
				"@step-wise/input-interpretation": "file:../input-interpretation",
				"@step-wise/utils": "file:../utils"
			},
			"devDependencies": {
				"@types/jest": "^30.0.0",
				"typescript": "^6.0.2"
			}
		},
		"../geometry": {
			"name": "@step-wise/geometry",
			"version": "1.0.0",
			"dependencies": {
				"@step-wise/utils": "file:../utils"
			},
			"devDependencies": {
				"typescript": "^6.0.2"
			}
		},
		"../input-exercises": {
			"name": "@step-wise/input-exercises",
			"version": "1.0.0",
			"dependencies": {
				"@step-wise/exercise-definition": "file:../exercise-definition",
				"@step-wise/input-interpretation": "file:../input-interpretation",
				"@step-wise/serialization": "file:../serialization",
				"@step-wise/skill-setup": "file:../skill-setup",
				"@step-wise/utils": "file:../utils"
			},
			"devDependencies": {
				"@types/jest": "^30.0.0",
				"typescript": "^6.0.2"
			}
		},
		"../physics-core": {
			"name": "@step-wise/physics-core",
			"version": "1.0.0",
			"dependencies": {
				"@step-wise/utils": "file:../utils"
			},
			"devDependencies": {
				"@types/jest": "^30.0.0",
				"typescript": "^6.0.2"
			}
		},
		"../utils": {
			"name": "@step-wise/utils",
			"version": "1.0.0",
			"devDependencies": {
				"@types/jest": "^30.0.0",
				"@types/node": "^25.6.0",
				"typescript": "^6.0.2"
			}
		},
		"node_modules/@step-wise/cas": {
			"resolved": "../cas",
			"link": true
		},
		"node_modules/@step-wise/engineering-mechanics": {
			"resolved": "../engineering-mechanics",
			"link": true
		},
		"node_modules/@step-wise/exercise-bundling": {
			"resolved": "../exercise-bundling",
			"link": true
		},
		"node_modules/@step-wise/exercise-grading": {
			"resolved": "../exercise-grading",
			"link": true
		},
		"node_modules/@step-wise/geometry": {
			"resolved": "../geometry",
			"link": true
		},
		"node_modules/@step-wise/input-exercises": {
			"resolved": "../input-exercises",
			"link": true
		},
		"node_modules/@step-wise/physics-core": {
			"resolved": "../physics-core",
			"link": true
		},
		"node_modules/@step-wise/utils": {
			"resolved": "../utils",
			"link": true
		},
		"node_modules/typescript": {
			"version": "6.0.3",
			"resolved": "https://registry.npmjs.org/typescript/-/typescript-6.0.3.tgz",
			"integrity": "sha512-y2TvuxSZPDyQakkFRPZHKFm+KKVqIisdg9/CZwm9ftvKXLP8NRWj38/ODjNbr43SsoXqNuAisEf1GdCxqWcdBw==",
			"dev": true,
			"bin": {
				"tsc": "bin/tsc",
				"tsserver": "bin/tsserver"
			},
			"engines": {
				"node": ">=14.17"
			}
		}
	},
	"dependencies": {
		"@step-wise/cas": {
			"version": "file:../cas",
			"requires": {
				"@step-wise/math-input-value": "file:../math-input-value",
				"@step-wise/math-tools": "file:../math-tools",
				"@step-wise/utils": "file:../utils",
				"@types/jest": "^30.0.0",
				"typescript": "^6.0.2"
			}
		},
		"@step-wise/engineering-mechanics": {
			"version": "file:../engineering-mechanics",
			"requires": {
				"@step-wise/geometry": "file:../geometry",
				"@step-wise/utils": "file:../utils",
				"@types/jest": "^30.0.0",
				"typescript": "^6.0.2"
			}
		},
		"@step-wise/exercise-bundling": {
			"version": "file:../exercise-bundling",
			"requires": {
				"@step-wise/exercise-definition": "file:../exercise-definition",
				"@step-wise/skill-setup": "file:../skill-setup",
				"@step-wise/utils": "file:../utils",
				"@types/jest": "^30.0.0",
				"typescript": "^6.0.2"
			}
		},
		"@step-wise/exercise-grading": {
			"version": "file:../exercise-grading",
			"requires": {
				"@step-wise/engineering-mechanics": "file:../engineering-mechanics",
				"@step-wise/input-exercises": "file:../input-exercises",
				"@step-wise/input-interpretation": "file:../input-interpretation",
				"@step-wise/utils": "file:../utils",
				"@types/jest": "^30.0.0",
				"typescript": "^6.0.2"
			}
		},
		"@step-wise/geometry": {
			"version": "file:../geometry",
			"requires": {
				"@step-wise/utils": "file:../utils",
				"typescript": "^6.0.2"
			}
		},
		"@step-wise/input-exercises": {
			"version": "file:../input-exercises",
			"requires": {
				"@step-wise/exercise-definition": "file:../exercise-definition",
				"@step-wise/input-interpretation": "file:../input-interpretation",
				"@step-wise/serialization": "file:../serialization",
				"@step-wise/skill-setup": "file:../skill-setup",
				"@step-wise/utils": "file:../utils",
				"@types/jest": "^30.0.0",
				"typescript": "^6.0.2"
			}
		},
		"@step-wise/physics-core": {
			"version": "file:../physics-core",
			"requires": {
				"@step-wise/utils": "file:../utils",
				"@types/jest": "^30.0.0",
				"typescript": "^6.0.2"
			}
		},
		"@step-wise/utils": {
			"version": "file:../utils",
			"requires": {
				"@types/jest": "^30.0.0",
				"@types/node": "^25.6.0",
				"typescript": "^6.0.2"
			}
		},
		"typescript": {
			"version": "6.0.3",
			"resolved": "https://registry.npmjs.org/typescript/-/typescript-6.0.3.tgz",
			"integrity": "sha512-y2TvuxSZPDyQakkFRPZHKFm+KKVqIisdg9/CZwm9ftvKXLP8NRWj38/ODjNbr43SsoXqNuAisEf1GdCxqWcdBw==",
			"dev": true
		}
	}
}
